
Microsoft Visual Studio Solution File, Format Version 12.00
# Visual Studio Version 17
VisualStudioVersion = 17.9.34728.123
MinimumVisualStudioVersion = 10.0.40219.1
Project("{FAE04EC0-301F-11D3-BF4B-00C04F79EFBC}") = "StockCommentApp", "StockCommentApp\StockCommentApp.csproj", "{4886D5AE-CF17-4250-93EB-1876F136CFF6}"
EndProject
Global
	GlobalSection(SolutionConfigurationPlatforms) = preSolution
		Debug|Any CPU = Debug|Any CPU
		Release|Any CPU = Release|Any CPU
	EndGlobalSection
	GlobalSection(ProjectConfigurationPlatforms) = postSolution
		{4886D5AE-CF17-4250-93EB-1876F136CFF6}.Debug|Any CPU.ActiveCfg = Debug|Any CPU
		{4886D5AE-CF17-4250-93EB-1876F136CFF6}.Debug|Any CPU.Build.0 = Debug|Any CPU
		{4886D5AE-CF17-4250-93EB-1876F136CFF6}.Release|Any CPU.ActiveCfg = Release|Any CPU
		{4886D5AE-CF17-4250-93EB-1876F136CFF6}.Release|Any CPU.Build.0 = Release|Any CPU
	EndGlobalSection
	GlobalSection(SolutionProperties) = preSolution
		HideSolutionNode = FALSE
	EndGlobalSection
	GlobalSection(ExtensibilityGlobals) = postSolution
		SolutionGuid = {473B8F38-AAF1-4220-8B8B-74422F42A832}
	EndGlobalSection
EndGlobal
